{
    "_meta": {
        "hash": {
            "sha256": "a6cdae5375b0426d288cb28e6293b3dc2ec7ed2fae6ca3cad3991be11e6ce3c8"
        },
        "pipfile-spec": 6,
        "requires": {
            "python_version": "3.7"
        },
        "sources": [
            {
                "name": "pypi",
                "url": "https://pypi.org/simple",
                "verify_ssl": true
            }
        ]
    },
    "default": {
        "bottle": {
            "hashes": [
                "sha256:0819b74b145a7def225c0e83b16a4d5711fde751cd92bae467a69efce720f69e",
                "sha256:43157254e88f32c6be16f8d9eb1f1d1472396a4e174ebd2bf62544854ecf37e7"
            ],
            "index": "pypi",
            "version": "==0.12.18"
        }
    },
    "develop": {}
}
